
Microsoft Visual Studio Solution File, Format Version 12.00
# Visual Studio 15
VisualStudioVersion = 15.0.28010.2046
MinimumVisualStudioVersion = 10.0.40219.1
Project("{FAE04EC0-301F-11D3-BF4B-00C04F79EFBC}") = "Frenzy", "Principal\Frenzy.csproj", "{3DEA0B83-5BA1-4A6D-974F-15C5DC30FA59}"
EndProject
Global
	GlobalSection(SolutionConfigurationPlatforms) = preSolution
		Debug|Any CPU = Debug|Any CPU
		Release|Any CPU = Release|Any CPU
	EndGlobalSection
	GlobalSection(ProjectConfigurationPlatforms) = postSolution
		{3DEA0B83-5BA1-4A6D-974F-15C5DC30FA59}.Debug|Any CPU.ActiveCfg = Debug|Any CPU
		{3DEA0B83-5BA1-4A6D-974F-15C5DC30FA59}.Debug|Any CPU.Build.0 = Debug|Any CPU
		{3DEA0B83-5BA1-4A6D-974F-15C5DC30FA59}.Release|Any CPU.ActiveCfg = Release|Any CPU
		{3DEA0B83-5BA1-4A6D-974F-15C5DC30FA59}.Release|Any CPU.Build.0 = Release|Any CPU
	EndGlobalSection
	GlobalSection(SolutionProperties) = preSolution
		HideSolutionNode = FALSE
	EndGlobalSection
	GlobalSection(ExtensibilityGlobals) = postSolution
		SolutionGuid = {88D7B810-328E-405D-938D-815EE6A16E56}
	EndGlobalSection
EndGlobal
